
Microsoft Visual Studio Solution File, Format Version 12.00
# Visual Studio 15
VisualStudioVersion = 15.0.28010.2036
MinimumVisualStudioVersion = 10.0.40219.1
Project("{FAE04EC0-301F-11D3-BF4B-00C04F79EFBC}") = "Lab01-AboutMe", "Lab01-AboutMe\Lab01-AboutMe.csproj", "{3A2380E7-B510-467B-83C8-AAC640AF9EE5}"
EndProject
Global
	GlobalSection(SolutionConfigurationPlatforms) = preSolution
		Debug|Any CPU = Debug|Any CPU
		Release|Any CPU = Release|Any CPU
	EndGlobalSection
	GlobalSection(ProjectConfigurationPlatforms) = postSolution
		{3A2380E7-B510-467B-83C8-AAC640AF9EE5}.Debug|Any CPU.ActiveCfg = Debug|Any CPU
		{3A2380E7-B510-467B-83C8-AAC640AF9EE5}.Debug|Any CPU.Build.0 = Debug|Any CPU
		{3A2380E7-B510-467B-83C8-AAC640AF9EE5}.Release|Any CPU.ActiveCfg = Release|Any CPU
		{3A2380E7-B510-467B-83C8-AAC640AF9EE5}.Release|Any CPU.Build.0 = Release|Any CPU
	EndGlobalSection
	GlobalSection(SolutionProperties) = preSolution
		HideSolutionNode = FALSE
	EndGlobalSection
	GlobalSection(ExtensibilityGlobals) = postSolution
		SolutionGuid = {2D75C96D-A1CD-4A03-812E-61E34C0E87C1}
	EndGlobalSection
EndGlobal
